{
  "name": "cpd",
  "version": "1.0.0",
  "description": "Cross-platform command-line file sharing tool for local networks",
  "main": "index.js",
  "type": "module",
  "bin": {
    "cpd": "./bin/cpd.js"
  },
  "scripts": {
    "start": "node ./bin/cpd.js",
    "build": "npm pack",
    "postinstall": "chmod +x ./bin/cpd.js"
  },
  "keywords": [
    "file-sharing",
    "network",
    "cli-tool",
    "cross-platform"
  ],
  "author": "",
  "license": "ISC",
  "dependencies": {
    "chalk": "^5.4.1",
    "commander": "^13.1.0",
    "crypto-js": "^4.2.0",
    "fs-extra": "^11.3.0",
    "get-port": "^7.1.0",
    "inquirer": "^12.5.0",
    "ip": "^2.0.1",
    "ora": "^5.4.1",
    "ws": "^8.18.1"
  }
}